
Microsoft Visual Studio Solution File, Format Version 12.00
# Visual Studio Version 17
VisualStudioVersion = 17.4.33213.308
MinimumVisualStudioVersion = 10.0.40219.1
Project("{8BC9CEB8-8B4A-11D0-8D11-00A0C91BC942}") = "laba3", "laba3\laba3.vcxproj", "{40408DAD-7B5F-4AB2-9E0C-BAC4EF5707A9}"
EndProject
Global
	GlobalSection(SolutionConfigurationPlatforms) = preSolution
		Debug|x64 = Debug|x64
		Debug|x86 = Debug|x86
		Release|x64 = Release|x64
		Release|x86 = Release|x86
	EndGlobalSection
	GlobalSection(ProjectConfigurationPlatforms) = postSolution
		{40408DAD-7B5F-4AB2-9E0C-BAC4EF5707A9}.Debug|x64.ActiveCfg = Debug|x64
		{40408DAD-7B5F-4AB2-9E0C-BAC4EF5707A9}.Debug|x64.Build.0 = Debug|x64
		{40408DAD-7B5F-4AB2-9E0C-BAC4EF5707A9}.Debug|x86.ActiveCfg = Debug|Win32
		{40408DAD-7B5F-4AB2-9E0C-BAC4EF5707A9}.Debug|x86.Build.0 = Debug|Win32
		{40408DAD-7B5F-4AB2-9E0C-BAC4EF5707A9}.Release|x64.ActiveCfg = Release|x64
		{40408DAD-7B5F-4AB2-9E0C-BAC4EF5707A9}.Release|x64.Build.0 = Release|x64
		{40408DAD-7B5F-4AB2-9E0C-BAC4EF5707A9}.Release|x86.ActiveCfg = Release|Win32
		{40408DAD-7B5F-4AB2-9E0C-BAC4EF5707A9}.Release|x86.Build.0 = Release|Win32
	EndGlobalSection
	GlobalSection(SolutionProperties) = preSolution
		HideSolutionNode = FALSE
	EndGlobalSection
	GlobalSection(ExtensibilityGlobals) = postSolution
		SolutionGuid = {FC8CE262-EC9E-4355-BC51-1D096E90F6EF}
	EndGlobalSection
EndGlobal
